// !$*UTF8*$!
{
	archiveVersion = 1;
	classes = {
	};
	objectVersion = 51;
	objects = {

/* Begin PBXBuildFile section */
		1724F50E235B01B500748E08 /* CatalogTableViewCell.swift in Sources */ = {isa = PBXBuildFile; fileRef = 1724F50C235B01B500748E08 /* CatalogTableViewCell.swift */; };
		1724F50F235B01B500748E08 /* CatalogTableViewCell.xib in Resources */ = {isa = PBXBuildFile; fileRef = 1724F50D235B01B500748E08 /* CatalogTableViewCell.xib */; };
		1724F511235B088400748E08 /* ImageService.swift in Sources */ = {isa = PBXBuildFile; fileRef = 1724F510235B088400748E08 /* ImageService.swift */; };
		172AD68D235B637F0051242D /* DetailCatalogViewController.swift in Sources */ = {isa = PBXBuildFile; fileRef = 172AD68C235B637F0051242D /* DetailCatalogViewController.swift */; };
		172AD68F235B6E670051242D /* detailCatalogViewModel.swift in Sources */ = {isa = PBXBuildFile; fileRef = 172AD68E235B6E670051242D /* detailCatalogViewModel.swift */; };
		17CD94452358C399005EB3DC /* AFSString+Extension.swift in Sources */ = {isa = PBXBuildFile; fileRef = 17CD94442358C399005EB3DC /* AFSString+Extension.swift */; };
		17CD94472358C3BA005EB3DC /* DataService.swift in Sources */ = {isa = PBXBuildFile; fileRef = 17CD94462358C3BA005EB3DC /* DataService.swift */; };
		17CD94492358C3DE005EB3DC /* Catalog.swift in Sources */ = {isa = PBXBuildFile; fileRef = 17CD94482358C3DE005EB3DC /* Catalog.swift */; };
		17CD944D2358C434005EB3DC /* CatalogViewModel.swift in Sources */ = {isa = PBXBuildFile; fileRef = 17CD944C2358C434005EB3DC /* CatalogViewModel.swift */; };
		17CD945B2358C693005EB3DC /* CatalogViewController.swift in Sources */ = {isa = PBXBuildFile; fileRef = 17CD94592358C693005EB3DC /* CatalogViewController.swift */; };
		17CD945E2358CC3A005EB3DC /* Results.swift in Sources */ = {isa = PBXBuildFile; fileRef = 17CD945D2358CC3A005EB3DC /* Results.swift */; };
		17CD94602358D8E9005EB3DC /* UIView.swift in Sources */ = {isa = PBXBuildFile; fileRef = 17CD945F2358D8E9005EB3DC /* UIView.swift */; };
		17CD94622358D909005EB3DC /* UIViewController.swift in Sources */ = {isa = PBXBuildFile; fileRef = 17CD94612358D909005EB3DC /* UIViewController.swift */; };
		17CD94642358D92B005EB3DC /* Navigation.swift in Sources */ = {isa = PBXBuildFile; fileRef = 17CD94632358D92B005EB3DC /* Navigation.swift */; };
		17E1426F2358C1B500B3D937 /* AppDelegate.swift in Sources */ = {isa = PBXBuildFile; fileRef = 17E1426E2358C1B500B3D937 /* AppDelegate.swift */; };
		17E142712358C1B500B3D937 /* SceneDelegate.swift in Sources */ = {isa = PBXBuildFile; fileRef = 17E142702358C1B500B3D937 /* SceneDelegate.swift */; };
		17E142732358C1B500B3D937 /* ViewController.swift in Sources */ = {isa = PBXBuildFile; fileRef = 17E142722358C1B500B3D937 /* ViewController.swift */; };
		17E142762358C1B500B3D937 /* Main.storyboard in Resources */ = {isa = PBXBuildFile; fileRef = 17E142742358C1B500B3D937 /* Main.storyboard */; };
		17E142782358C1B800B3D937 /* Assets.xcassets in Resources */ = {isa = PBXBuildFile; fileRef = 17E142772358C1B800B3D937 /* Assets.xcassets */; };
		17E1427B2358C1B800B3D937 /* LaunchScreen.storyboard in Resources */ = {isa = PBXBuildFile; fileRef = 17E142792358C1B800B3D937 /* LaunchScreen.storyboard */; };
		7EF243E1B79E37CD552D3357 /* Pods_test.framework in Frameworks */ = {isa = PBXBuildFile; fileRef = 447E2847063C4AB9EA9E3771 /* Pods_test.framework */; };
/* End PBXBuildFile section */

/* Begin PBXFileReference section */
		1724F50C235B01B500748E08 /* CatalogTableViewCell.swift */ = {isa = PBXFileReference; lastKnownFileType = sourcecode.swift; path = CatalogTableViewCell.swift; sourceTree = "<group>"; };
		1724F50D235B01B500748E08 /* CatalogTableViewCell.xib */ = {isa = PBXFileReference; lastKnownFileType = file.xib; path = CatalogTableViewCell.xib; sourceTree = "<group>"; };
		1724F510235B088400748E08 /* ImageService.swift */ = {isa = PBXFileReference; lastKnownFileType = sourcecode.swift; path = ImageService.swift; sourceTree = "<group>"; };
		172AD68C235B637F0051242D /* DetailCatalogViewController.swift */ = {isa = PBXFileReference; lastKnownFileType = sourcecode.swift; path = DetailCatalogViewController.swift; sourceTree = "<group>"; };
		172AD68E235B6E670051242D /* detailCatalogViewModel.swift */ = {isa = PBXFileReference; lastKnownFileType = sourcecode.swift; path = detailCatalogViewModel.swift; sourceTree = "<group>"; };
		17CD94442358C399005EB3DC /* AFSString+Extension.swift */ = {isa = PBXFileReference; lastKnownFileType = sourcecode.swift; path = "AFSString+Extension.swift"; sourceTree = "<group>"; };
		17CD94462358C3BA005EB3DC /* DataService.swift */ = {isa = PBXFileReference; lastKnownFileType = sourcecode.swift; path = DataService.swift; sourceTree = "<group>"; };
		17CD94482358C3DE005EB3DC /* Catalog.swift */ = {isa = PBXFileReference; lastKnownFileType = sourcecode.swift; path = Catalog.swift; sourceTree = "<group>"; };
		17CD944C2358C434005EB3DC /* CatalogViewModel.swift */ = {isa = PBXFileReference; lastKnownFileType = sourcecode.swift; path = CatalogViewModel.swift; sourceTree = "<group>"; };
		17CD94592358C693005EB3DC /* CatalogViewController.swift */ = {isa = PBXFileReference; lastKnownFileType = sourcecode.swift; path = CatalogViewController.swift; sourceTree = "<group>"; };
		17CD945D2358CC3A005EB3DC /* Results.swift */ = {isa = PBXFileReference; lastKnownFileType = sourcecode.swift; path = Results.swift; sourceTree = "<group>"; };
		17CD945F2358D8E9005EB3DC /* UIView.swift */ = {isa = PBXFileReference; lastKnownFileType = sourcecode.swift; path = UIView.swift; sourceTree = "<group>"; };
		17CD94612358D909005EB3DC /* UIViewController.swift */ = {isa = PBXFileReference; lastKnownFileType = sourcecode.swift; path = UIViewController.swift; sourceTree = "<group>"; };
		17CD94632358D92B005EB3DC /* Navigation.swift */ = {isa = PBXFileReference; lastKnownFileType = sourcecode.swift; path = Navigation.swift; sourceTree = "<group>"; };
		17E1426B2358C1B500B3D937 /* test.app */ = {isa = PBXFileReference; explicitFileType = wrapper.application; includeInIndex = 0; path = test.app; sourceTree = BUILT_PRODUCTS_DIR; };
		17E1426E2358C1B500B3D937 /* AppDelegate.swift */ = {isa = PBXFileReference; lastKnownFileType = sourcecode.swift; path = AppDelegate.swift; sourceTree = "<group>"; };
		17E142702358C1B500B3D937 /* SceneDelegate.swift */ = {isa = PBXFileReference; lastKnownFileType = sourcecode.swift; path = SceneDelegate.swift; sourceTree = "<group>"; };
		17E142722358C1B500B3D937 /* ViewController.swift */ = {isa = PBXFileReference; lastKnownFileType = sourcecode.swift; path = ViewController.swift; sourceTree = "<group>"; };
		17E142752358C1B500B3D937 /* Base */ = {isa = PBXFileReference; lastKnownFileType = file.storyboard; name = Base; path = Base.lproj/Main.storyboard; sourceTree = "<group>"; };
		17E142772358C1B800B3D937 /* Assets.xcassets */ = {isa = PBXFileReference; lastKnownFileType = folder.assetcatalog; path = Assets.xcassets; sourceTree = "<group>"; };
		17E1427A2358C1B800B3D937 /* Base */ = {isa = PBXFileReference; lastKnownFileType = file.storyboard; name = Base; path = Base.lproj/LaunchScreen.storyboard; sourceTree = "<group>"; };
		17E1427C2358C1B800B3D937 /* Info.plist */ = {isa = PBXFileReference; lastKnownFileType = text.plist.xml; path = Info.plist; sourceTree = "<group>"; };
		447E2847063C4AB9EA9E3771 /* Pods_test.framework */ = {isa = PBXFileReference; explicitFileType = wrapper.framework; includeInIndex = 0; path = Pods_test.framework; sourceTree = BUILT_PRODUCTS_DIR; };
		7678EA1083F5AA0A55E31142 /* Pods-test.release.xcconfig */ = {isa = PBXFileReference; includeInIndex = 1; lastKnownFileType = text.xcconfig; name = "Pods-test.release.xcconfig"; path = "Target Support Files/Pods-test/Pods-test.release.xcconfig"; sourceTree = "<group>"; };
		AF390F05445291F6C6A17180 /* Pods-test.debug.xcconfig */ = {isa = PBXFileReference; includeInIndex = 1; lastKnownFileType = text.xcconfig; name = "Pods-test.debug.xcconfig"; path = "Target Support Files/Pods-test/Pods-test.debug.xcconfig"; sourceTree = "<group>"; };
/* End PBXFileReference section */

/* Begin PBXFrameworksBuildPhase section */
		17E142682358C1B500B3D937 /* Frameworks */ = {
			isa = PBXFrameworksBuildPhase;
			buildActionMask = 2147483647;
			files = (
				7EF243E1B79E37CD552D3357 /* Pods_test.framework in Frameworks */,
			);
			runOnlyForDeploymentPostprocessing = 0;
		};
/* End PBXFrameworksBuildPhase section */

/* Begin PBXGroup section */
		1724F509235AF0BB00748E08 /* Cells */ = {
			isa = PBXGroup;
			children = (
				1724F50C235B01B500748E08 /* CatalogTableViewCell.swift */,
			);
			path = Cells;
			sourceTree = "<group>";
		};
		17CD943E2358C2F7005EB3DC /* extension */ = {
			isa = PBXGroup;
			children = (
				17CD94442358C399005EB3DC /* AFSString+Extension.swift */,
				17CD945F2358D8E9005EB3DC /* UIView.swift */,
				17CD94612358D909005EB3DC /* UIViewController.swift */,
				17CD94632358D92B005EB3DC /* Navigation.swift */,
			);
			path = extension;
			sourceTree = "<group>";
		};
		17CD943F2358C301005EB3DC /* model */ = {
			isa = PBXGroup;
			children = (
				17CD94482358C3DE005EB3DC /* Catalog.swift */,
				17CD945D2358CC3A005EB3DC /* Results.swift */,
			);
			path = model;
			sourceTree = "<group>";
		};
		17CD94402358C315005EB3DC /* service */ = {
			isa = PBXGroup;
			children = (
				17CD94462358C3BA005EB3DC /* DataService.swift */,
				1724F510235B088400748E08 /* ImageService.swift */,
			);
			path = service;
			sourceTree = "<group>";
		};
		17CD94422358C351005EB3DC /* view */ = {
			isa = PBXGroup;
			children = (
				17E142772358C1B800B3D937 /* Assets.xcassets */,
				17CD944E2358C4D4005EB3DC /* storyboard */,
				17CD944F2358C4DF005EB3DC /* controller */,
				1724F509235AF0BB00748E08 /* Cells */,
				17CD94522358C5F1005EB3DC /* xib */,
			);
			path = view;
			sourceTree = "<group>";
		};
		17CD94432358C358005EB3DC /* view model */ = {
			isa = PBXGroup;
			children = (
				17CD944C2358C434005EB3DC /* CatalogViewModel.swift */,
				172AD68E235B6E670051242D /* detailCatalogViewModel.swift */,
			);
			path = "view model";
			sourceTree = "<group>";
		};
		17CD944E2358C4D4005EB3DC /* storyboard */ = {
			isa = PBXGroup;
			children = (
				17E142742358C1B500B3D937 /* Main.storyboard */,
				17E142792358C1B800B3D937 /* LaunchScreen.storyboard */,
			);
			path = storyboard;
			sourceTree = "<group>";
		};
		17CD944F2358C4DF005EB3DC /* controller */ = {
			isa = PBXGroup;
			children = (
				17E142722358C1B500B3D937 /* ViewController.swift */,
				17CD94592358C693005EB3DC /* CatalogViewController.swift */,
				172AD68C235B637F0051242D /* DetailCatalogViewController.swift */,
			);
			path = controller;
			sourceTree = "<group>";
		};
		17CD94522358C5F1005EB3DC /* xib */ = {
			isa = PBXGroup;
			children = (
				1724F50D235B01B500748E08 /* CatalogTableViewCell.xib */,
			);
			path = xib;
			sourceTree = "<group>";
		};
		17E142622358C1B500B3D937 = {
			isa = PBXGroup;
			children = (
				17E1426D2358C1B500B3D937 /* test */,
				17E1426C2358C1B500B3D937 /* Products */,
				F41C056520B933239A8A12D7 /* Pods */,
				FB5A36DA08C0D60C8A64ABCF /* Frameworks */,
			);
			sourceTree = "<group>";
		};
		17E1426C2358C1B500B3D937 /* Products */ = {
			isa = PBXGroup;
			children = (
				17E1426B2358C1B500B3D937 /* test.app */,
			);
			name = Products;
			sourceTree = "<group>";
		};
		17E1426D2358C1B500B3D937 /* test */ = {
			isa = PBXGroup;
			children = (
				17CD943E2358C2F7005EB3DC /* extension */,
				17CD94402358C315005EB3DC /* service */,
				17CD943F2358C301005EB3DC /* model */,
				17CD94432358C358005EB3DC /* view model */,
				17CD94422358C351005EB3DC /* view */,
				17E1426E2358C1B500B3D937 /* AppDelegate.swift */,
				17E142702358C1B500B3D937 /* SceneDelegate.swift */,
				17E1427C2358C1B800B3D937 /* Info.plist */,
			);
			path = test;
			sourceTree = "<group>";
		};
		F41C056520B933239A8A12D7 /* Pods */ = {
			isa = PBXGroup;
			children = (
				AF390F05445291F6C6A17180 /* Pods-test.debug.xcconfig */,
				7678EA1083F5AA0A55E31142 /* Pods-test.release.xcconfig */,
			);
			path = Pods;
			sourceTree = "<group>";
		};
		FB5A36DA08C0D60C8A64ABCF /* Frameworks */ = {
			isa = PBXGroup;
			children = (
				447E2847063C4AB9EA9E3771 /* Pods_test.framework */,
			);
			name = Frameworks;
			sourceTree = "<group>";
		};
/* End PBXGroup section */

/* Begin PBXNativeTarget section */
		17E1426A2358C1B500B3D937 /* test */ = {
			isa = PBXNativeTarget;
			buildConfigurationList = 17E1427F2358C1B800B3D937 /* Build configuration list for PBXNativeTarget "test" */;
			buildPhases = (
				415BE411839B50826BDE0E5D /* [CP] Check Pods Manifest.lock */,
				17E142672358C1B500B3D937 /* Sources */,
				17E142682358C1B500B3D937 /* Frameworks */,
				17E142692358C1B500B3D937 /* Resources */,
				8A2A781EC652F7D04D07ABA3 /* [CP] Embed Pods Frameworks */,
			);
			buildRules = (
			);
			dependencies = (
			);
			name = test;
			productName = test;
			productReference = 17E1426B2358C1B500B3D937 /* test.app */;
			productType = "com.apple.product-type.application";
		};
/* End PBXNativeTarget section */

/* Begin PBXProject section */
		17E142632358C1B500B3D937 /* Project object */ = {
			isa = PBXProject;
			attributes = {
				LastSwiftUpdateCheck = 1110;
				LastUpgradeCheck = 1110;
				ORGANIZATIONNAME = sikisift;
				TargetAttributes = {
					17E1426A2358C1B500B3D937 = {
						CreatedOnToolsVersion = 11.1;
					};
				};
			};
			buildConfigurationList = 17E142662358C1B500B3D937 /* Build configuration list for PBXProject "test" */;
			compatibilityVersion = "Xcode 9.3";
			developmentRegion = en;
			hasScannedForEncodings = 0;
			knownRegions = (
				en,
				Base,
			);
			mainGroup = 17E142622358C1B500B3D937;
			productRefGroup = 17E1426C2358C1B500B3D937 /* Products */;
			projectDirPath = "";
			projectRoot = "";
			targets = (
				17E1426A2358C1B500B3D937 /* test */,
			);
		};
/* End PBXProject section */

/* Begin PBXResourcesBuildPhase section */
		17E142692358C1B500B3D937 /* Resources */ = {
			isa = PBXResourcesBuildPhase;
			buildActionMask = 2147483647;
			files = (
				17E1427B2358C1B800B3D937 /* LaunchScreen.storyboard in Resources */,
				17E142782358C1B800B3D937 /* Assets.xcassets in Resources */,
				17E142762358C1B500B3D937 /* Main.storyboard in Resources */,
				1724F50F235B01B500748E08 /* CatalogTableViewCell.xib in Resources */,
			);
			runOnlyForDeploymentPostprocessing = 0;
		};
/* End PBXResourcesBuildPhase section */

/* Begin PBXShellScriptBuildPhase section */
		415BE411839B50826BDE0E5D /* [CP] Check Pods Manifest.lock */ = {
			isa = PBXShellScriptBuildPhase;
			buildActionMask = 2147483647;
			files = (
			);
			inputFileListPaths = (
			);
			inputPaths = (
				"${PODS_PODFILE_DIR_PATH}/Podfile.lock",
				"${PODS_ROOT}/Manifest.lock",
			);
			name = "[CP] Check Pods Manifest.lock";
			outputFileListPaths = (
			);
			outputPaths = (
				"$(DERIVED_FILE_DIR)/Pods-test-checkManifestLockResult.txt",
			);
			runOnlyForDeploymentPostprocessing = 0;
			shellPath = /bin/sh;
			shellScript = "diff \"${PODS_PODFILE_DIR_PATH}/Podfile.lock\" \"${PODS_ROOT}/Manifest.lock\" > /dev/null\nif [ $? != 0 ] ; then\n    # print error to STDERR\n    echo \"error: The sandbox is not in sync with the Podfile.lock. Run 'pod install' or update your CocoaPods installation.\" >&2\n    exit 1\nfi\n# This output is used by Xcode 'outputs' to avoid re-running this script phase.\necho \"SUCCESS\" > \"${SCRIPT_OUTPUT_FILE_0}\"\n";
			showEnvVarsInLog = 0;
		};
		8A2A781EC652F7D04D07ABA3 /* [CP] Embed Pods Frameworks */ = {
			isa = PBXShellScriptBuildPhase;
			buildActionMask = 2147483647;
			files = (
			);
			inputFileListPaths = (
				"${PODS_ROOT}/Target Support Files/Pods-test/Pods-test-frameworks-${CONFIGURATION}-input-files.xcfilelist",
			);
			name = "[CP] Embed Pods Frameworks";
			outputFileListPaths = (
				"${PODS_ROOT}/Target Support Files/Pods-test/Pods-test-frameworks-${CONFIGURATION}-output-files.xcfilelist",
			);
			runOnlyForDeploymentPostprocessing = 0;
			shellPath = /bin/sh;
			shellScript = "\"${PODS_ROOT}/Target Support Files/Pods-test/Pods-test-frameworks.sh\"\n";
			showEnvVarsInLog = 0;
		};
/* End PBXShellScriptBuildPhase section */

/* Begin PBXSourcesBuildPhase section */
		17E142672358C1B500B3D937 /* Sources */ = {
			isa = PBXSourcesBuildPhase;
			buildActionMask = 2147483647;
			files = (
				17CD94602358D8E9005EB3DC /* UIView.swift in Sources */,
				172AD68F235B6E670051242D /* detailCatalogViewModel.swift in Sources */,
				17CD945B2358C693005EB3DC /* CatalogViewController.swift in Sources */,
				17E142732358C1B500B3D937 /* ViewController.swift in Sources */,
				1724F50E235B01B500748E08 /* CatalogTableViewCell.swift in Sources */,
				17CD94642358D92B005EB3DC /* Navigation.swift in Sources */,
				17CD94622358D909005EB3DC /* UIViewController.swift in Sources */,
				17CD94452358C399005EB3DC /* AFSString+Extension.swift in Sources */,
				17E1426F2358C1B500B3D937 /* AppDelegate.swift in Sources */,
				17CD94492358C3DE005EB3DC /* Catalog.swift in Sources */,
				17E142712358C1B500B3D937 /* SceneDelegate.swift in Sources */,
				172AD68D235B637F0051242D /* DetailCatalogViewController.swift in Sources */,
				17CD945E2358CC3A005EB3DC /* Results.swift in Sources */,
				17CD94472358C3BA005EB3DC /* DataService.swift in Sources */,
				17CD944D2358C434005EB3DC /* CatalogViewModel.swift in Sources */,
				1724F511235B088400748E08 /* ImageService.swift in Sources */,
			);
			runOnlyForDeploymentPostprocessing = 0;
		};
/* End PBXSourcesBuildPhase section */

/* Begin PBXVariantGroup section */
		17E142742358C1B500B3D937 /* Main.storyboard */ = {
			isa = PBXVariantGroup;
			children = (
				17E142752358C1B500B3D937 /* Base */,
			);
			name = Main.storyboard;
			sourceTree = "<group>";
		};
		17E142792358C1B800B3D937 /* LaunchScreen.storyboard */ = {
			isa = PBXVariantGroup;
			children = (
				17E1427A2358C1B800B3D937 /* Base */,
			);
			name = LaunchScreen.storyboard;
			sourceTree = "<group>";
		};
/* End PBXVariantGroup section */

/* Begin XCBuildConfiguration section */
		17E1427D2358C1B800B3D937 /* Debug */ = {
			isa = XCBuildConfiguration;
			buildSettings = {
				ALWAYS_SEARCH_USER_PATHS = NO;
				CLANG_ANALYZER_NONNULL = YES;
				CLANG_ANALYZER_NUMBER_OBJECT_CONVERSION = YES_AGGRESSIVE;
				CLANG_CXX_LANGUAGE_STANDARD = "gnu++14";
				CLANG_CXX_LIBRARY = "libc++";
				CLANG_ENABLE_MODULES = YES;
				CLANG_ENABLE_OBJC_ARC = YES;
				CLANG_ENABLE_OBJC_WEAK = YES;
				CLANG_WARN_BLOCK_CAPTURE_AUTORELEASING = YES;
				CLANG_WARN_BOOL_CONVERSION = YES;
				CLANG_WARN_COMMA = YES;
				CLANG_WARN_CONSTANT_CONVERSION = YES;
				CLANG_WARN_DEPRECATED_OBJC_IMPLEMENTATIONS = YES;
				CLANG_WARN_DIRECT_OBJC_ISA_USAGE = YES_ERROR;
				CLANG_WARN_DOCUMENTATION_COMMENTS = YES;
				CLANG_WARN_EMPTY_BODY = YES;
				CLANG_WARN_ENUM_CONVERSION = YES;
				CLANG_WARN_INFINITE_RECURSION = YES;
				CLANG_WARN_INT_CONVERSION = YES;
				CLANG_WARN_NON_LITERAL_NULL_CONVERSION = YES;
				CLANG_WARN_OBJC_IMPLICIT_RETAIN_SELF = YES;
				CLANG_WARN_OBJC_LITERAL_CONVERSION = YES;
				CLANG_WARN_OBJC_ROOT_CLASS = YES_ERROR;
				CLANG_WARN_RANGE_LOOP_ANALYSIS = YES;
				CLANG_WARN_STRICT_PROTOTYPES = YES;
				CLANG_WARN_SUSPICIOUS_MOVE = YES;
				CLANG_WARN_UNGUARDED_AVAILABILITY = YES_AGGRESSIVE;
				CLANG_WARN_UNREACHABLE_CODE = YES;
				CLANG_WARN__DUPLICATE_METHOD_MATCH = YES;
				COPY_PHASE_STRIP = NO;
				DEBUG_INFORMATION_FORMAT = dwarf;
				ENABLE_STRICT_OBJC_MSGSEND = YES;
				ENABLE_TESTABILITY = YES;
				GCC_C_LANGUAGE_STANDARD = gnu11;
				GCC_DYNAMIC_NO_PIC = NO;
				GCC_NO_COMMON_BLOCKS = YES;
				GCC_OPTIMIZATION_LEVEL = 0;
				GCC_PREPROCESSOR_DEFINITIONS = (
					"DEBUG=1",
					"$(inherited)",
				);
				GCC_WARN_64_TO_32_BIT_CONVERSION = YES;
				GCC_WARN_ABOUT_RETURN_TYPE = YES_ERROR;
				GCC_WARN_UNDECLARED_SELECTOR = YES;
				GCC_WARN_UNINITIALIZED_AUTOS = YES_AGGRESSIVE;
				GCC_WARN_UNUSED_FUNCTION = YES;
				GCC_WARN_UNUSED_VARIABLE = YES;
				IPHONEOS_DEPLOYMENT_TARGET = 13.1;
				MTL_ENABLE_DEBUG_INFO = INCLUDE_SOURCE;
				MTL_FAST_MATH = YES;
				ONLY_ACTIVE_ARCH = YES;
				SDKROOT = iphoneos;
				SWIFT_ACTIVE_COMPILATION_CONDITIONS = DEBUG;
				SWIFT_OPTIMIZATION_LEVEL = "-Onone";
			};
			name = Debug;
		};
		17E1427E2358C1B800B3D937 /* Release */ = {
			isa = XCBuildConfiguration;
			buildSettings = {
				ALWAYS_SEARCH_USER_PATHS = NO;
				CLANG_ANALYZER_NONNULL = YES;
				CLANG_ANALYZER_NUMBER_OBJECT_CONVERSION = YES_AGGRESSIVE;
				CLANG_CXX_LANGUAGE_STANDARD = "gnu++14";
				CLANG_CXX_LIBRARY = "libc++";
				CLANG_ENABLE_MODULES = YES;
				CLANG_ENABLE_OBJC_ARC = YES;
				CLANG_ENABLE_OBJC_WEAK = YES;
				CLANG_WARN_BLOCK_CAPTURE_AUTORELEASING = YES;
				CLANG_WARN_BOOL_CONVERSION = YES;
				CLANG_WARN_COMMA = YES;
				CLANG_WARN_CONSTANT_CONVERSION = YES;
				CLANG_WARN_DEPRECATED_OBJC_IMPLEMENTATIONS = YES;
				CLANG_WARN_DIRECT_OBJC_ISA_USAGE = YES_ERROR;
				CLANG_WARN_DOCUMENTATION_COMMENTS = YES;
				CLANG_WARN_EMPTY_BODY = YES;
				CLANG_WARN_ENUM_CONVERSION = YES;
				CLANG_WARN_INFINITE_RECURSION = YES;
				CLANG_WARN_INT_CONVERSION = YES;
				CLANG_WARN_NON_LITERAL_NULL_CONVERSION = YES;
				CLANG_WARN_OBJC_IMPLICIT_RETAIN_SELF = YES;
				CLANG_WARN_OBJC_LITERAL_CONVERSION = YES;
				CLANG_WARN_OBJC_ROOT_CLASS = YES_ERROR;
				CLANG_WARN_RANGE_LOOP_ANALYSIS = YES;
				CLANG_WARN_STRICT_PROTOTYPES = YES;
				CLANG_WARN_SUSPICIOUS_MOVE = YES;
				CLANG_WARN_UNGUARDED_AVAILABILITY = YES_AGGRESSIVE;
				CLANG_WARN_UNREACHABLE_CODE = YES;
				CLANG_WARN__DUPLICATE_METHOD_MATCH = YES;
				COPY_PHASE_STRIP = NO;
				DEBUG_INFORMATION_FORMAT = "dwarf-with-dsym";
				ENABLE_NS_ASSERTIONS = NO;
				ENABLE_STRICT_OBJC_MSGSEND = YES;
				GCC_C_LANGUAGE_STANDARD = gnu11;
				GCC_NO_COMMON_BLOCKS = YES;
				GCC_WARN_64_TO_32_BIT_CONVERSION = YES;
				GCC_WARN_ABOUT_RETURN_TYPE = YES_ERROR;
				GCC_WARN_UNDECLARED_SELECTOR = YES;
				GCC_WARN_UNINITIALIZED_AUTOS = YES_AGGRESSIVE;
				GCC_WARN_UNUSED_FUNCTION = YES;
				GCC_WARN_UNUSED_VARIABLE = YES;
				IPHONEOS_DEPLOYMENT_TARGET = 13.1;
				MTL_ENABLE_DEBUG_INFO = NO;
				MTL_FAST_MATH = YES;
				SDKROOT = iphoneos;
				SWIFT_COMPILATION_MODE = wholemodule;
				SWIFT_OPTIMIZATION_LEVEL = "-O";
				VALIDATE_PRODUCT = YES;
			};
			name = Release;
		};
		17E142802358C1B800B3D937 /* Debug */ = {
			isa = XCBuildConfiguration;
			baseConfigurationReference = AF390F05445291F6C6A17180 /* Pods-test.debug.xcconfig */;
			buildSettings = {
				ASSETCATALOG_COMPILER_APPICON_NAME = AppIcon;
				CODE_SIGN_STYLE = Automatic;
				DEVELOPMENT_TEAM = 55WW8Z3F86;
				INFOPLIST_FILE = test/Info.plist;
				LD_RUNPATH_SEARCH_PATHS = (
					"$(inherited)",
					"@executable_path/Frameworks",
				);
				PRODUCT_BUNDLE_IDENTIFIER = cz.sikisoft.test;
				PRODUCT_NAME = "$(TARGET_NAME)";
				SWIFT_VERSION = 5.0;
				TARGETED_DEVICE_FAMILY = "1,2";
			};
			name = Debug;
		};
		17E142812358C1B800B3D937 /* Release */ = {
			isa = XCBuildConfiguration;
			baseConfigurationReference = 7678EA1083F5AA0A55E31142 /* Pods-test.release.xcconfig */;
			buildSettings = {
				ASSETCATALOG_COMPILER_APPICON_NAME = AppIcon;
				CODE_SIGN_STYLE = Automatic;
				DEVELOPMENT_TEAM = 55WW8Z3F86;
				INFOPLIST_FILE = test/Info.plist;
				LD_RUNPATH_SEARCH_PATHS = (
					"$(inherited)",
					"@executable_path/Frameworks",
				);
				PRODUCT_BUNDLE_IDENTIFIER = cz.sikisoft.test;
				PRODUCT_NAME = "$(TARGET_NAME)";
				SWIFT_VERSION = 5.0;
				TARGETED_DEVICE_FAMILY = "1,2";
			};
			name = Release;
		};
/* End XCBuildConfiguration section */

/* Begin XCConfigurationList section */
		17E142662358C1B500B3D937 /* Build configuration list for PBXProject "test" */ = {
			isa = XCConfigurationList;
			buildConfigurations = (
				17E1427D2358C1B800B3D937 /* Debug */,
				17E1427E2358C1B800B3D937 /* Release */,
			);
			defaultConfigurationIsVisible = 0;
			defaultConfigurationName = Release;
		};
		17E1427F2358C1B800B3D937 /* Build configuration list for PBXNativeTarget "test" */ = {
			isa = XCConfigurationList;
			buildConfigurations = (
				17E142802358C1B800B3D937 /* Debug */,
				17E142812358C1B800B3D937 /* Release */,
			);
			defaultConfigurationIsVisible = 0;
			defaultConfigurationName = Release;
		};
/* End XCConfigurationList section */
	};
	rootObject = 17E142632358C1B500B3D937 /* Project object */;
}
